
Microsoft Visual Studio Solution File, Format Version 12.00
# Visual Studio Version 16
VisualStudioVersion = 16.0.30204.135
MinimumVisualStudioVersion = 10.0.40219.1
Project("{9A19103F-16F7-4668-BE54-9A1E7A4F7556}") = "WebApplication1", "WebApplication1.csproj", "{68270DBE-3340-4B6E-96CA-D04783C0E5D2}"
EndProject
Project("{9A19103F-16F7-4668-BE54-9A1E7A4F7556}") = "DAL.WebProject", "..\DAL.WebProject\DAL.WebProject.csproj", "{229054CA-0DFB-4B5B-B6F4-F5E390AE0E16}"
EndProject
Project("{FAE04EC0-301F-11D3-BF4B-00C04F79EFBC}") = "Common", "..\Common\Common.csproj", "{F2237546-E987-4889-BAB4-2CF72B8F2D74}"
EndProject
Global
	GlobalSection(SolutionConfigurationPlatforms) = preSolution
		Debug|Any CPU = Debug|Any CPU
		Release|Any CPU = Release|Any CPU
	EndGlobalSection
	GlobalSection(ProjectConfigurationPlatforms) = postSolution
		{68270DBE-3340-4B6E-96CA-D04783C0E5D2}.Debug|Any CPU.ActiveCfg = Debug|Any CPU
		{68270DBE-3340-4B6E-96CA-D04783C0E5D2}.Debug|Any CPU.Build.0 = Debug|Any CPU
		{68270DBE-3340-4B6E-96CA-D04783C0E5D2}.Release|Any CPU.ActiveCfg = Release|Any CPU
		{68270DBE-3340-4B6E-96CA-D04783C0E5D2}.Release|Any CPU.Build.0 = Release|Any CPU
		{229054CA-0DFB-4B5B-B6F4-F5E390AE0E16}.Debug|Any CPU.ActiveCfg = Debug|Any CPU
		{229054CA-0DFB-4B5B-B6F4-F5E390AE0E16}.Debug|Any CPU.Build.0 = Debug|Any CPU
		{229054CA-0DFB-4B5B-B6F4-F5E390AE0E16}.Release|Any CPU.ActiveCfg = Release|Any CPU
		{229054CA-0DFB-4B5B-B6F4-F5E390AE0E16}.Release|Any CPU.Build.0 = Release|Any CPU
		{F2237546-E987-4889-BAB4-2CF72B8F2D74}.Debug|Any CPU.ActiveCfg = Debug|Any CPU
		{F2237546-E987-4889-BAB4-2CF72B8F2D74}.Debug|Any CPU.Build.0 = Debug|Any CPU
		{F2237546-E987-4889-BAB4-2CF72B8F2D74}.Release|Any CPU.ActiveCfg = Release|Any CPU
		{F2237546-E987-4889-BAB4-2CF72B8F2D74}.Release|Any CPU.Build.0 = Release|Any CPU
	EndGlobalSection
	GlobalSection(SolutionProperties) = preSolution
		HideSolutionNode = FALSE
	EndGlobalSection
	GlobalSection(ExtensibilityGlobals) = postSolution
		SolutionGuid = {01C13DF7-5E3E-464A-B232-88C88D7785F0}
	EndGlobalSection
EndGlobal
